
Microsoft Visual Studio Solution File, Format Version 12.00
# Visual Studio Version 17
VisualStudioVersion = 17.14.36518.9
MinimumVisualStudioVersion = 10.0.40219.1
Project("{FAE04EC0-301F-11D3-BF4B-00C04F79EFBC}") = "lab2", "lab2.csproj", "{03B9D78C-B5A8-4620-BCF8-41CAEEAD136E}"
EndProject
Global
	GlobalSection(SolutionConfigurationPlatforms) = preSolution
		Debug|Any CPU = Debug|Any CPU
		Release|Any CPU = Release|Any CPU
	EndGlobalSection
	GlobalSection(ProjectConfigurationPlatforms) = postSolution
		{03B9D78C-B5A8-4620-BCF8-41CAEEAD136E}.Debug|Any CPU.ActiveCfg = Debug|Any CPU
		{03B9D78C-B5A8-4620-BCF8-41CAEEAD136E}.Debug|Any CPU.Build.0 = Debug|Any CPU
		{03B9D78C-B5A8-4620-BCF8-41CAEEAD136E}.Release|Any CPU.ActiveCfg = Release|Any CPU
		{03B9D78C-B5A8-4620-BCF8-41CAEEAD136E}.Release|Any CPU.Build.0 = Release|Any CPU
	EndGlobalSection
	GlobalSection(SolutionProperties) = preSolution
		HideSolutionNode = FALSE
	EndGlobalSection
	GlobalSection(ExtensibilityGlobals) = postSolution
		SolutionGuid = {990061B7-A82E-467A-88AD-CA4E8142486C}
	EndGlobalSection
EndGlobal
